
Microsoft Visual Studio Solution File, Format Version 12.00
# Visual Studio Version 16
VisualStudioVersion = 16.0.29728.190
MinimumVisualStudioVersion = 10.0.40219.1
Project("{FAE04EC0-301F-11D3-BF4B-00C04F79EFBC}") = "DialogMessage", "DialogMessage\DialogMessage.csproj", "{139522CC-2F5A-4FBE-946F-A1574935D82C}"
EndProject
Global
	GlobalSection(SolutionConfigurationPlatforms) = preSolution
		Debug|Any CPU = Debug|Any CPU
		Release|Any CPU = Release|Any CPU
	EndGlobalSection
	GlobalSection(ProjectConfigurationPlatforms) = postSolution
		{139522CC-2F5A-4FBE-946F-A1574935D82C}.Debug|Any CPU.ActiveCfg = Debug|Any CPU
		{139522CC-2F5A-4FBE-946F-A1574935D82C}.Debug|Any CPU.Build.0 = Debug|Any CPU
		{139522CC-2F5A-4FBE-946F-A1574935D82C}.Release|Any CPU.ActiveCfg = Release|Any CPU
		{139522CC-2F5A-4FBE-946F-A1574935D82C}.Release|Any CPU.Build.0 = Release|Any CPU
	EndGlobalSection
	GlobalSection(SolutionProperties) = preSolution
		HideSolutionNode = FALSE
	EndGlobalSection
	GlobalSection(ExtensibilityGlobals) = postSolution
		SolutionGuid = {6F9EDA29-84C2-418E-9185-4847BFC270F3}
	EndGlobalSection
EndGlobal
